
Microsoft Visual Studio Solution File, Format Version 12.00
Project("{FAE04EC0-301F-11D3-BF4B-00C04F79EFBC}") = "SqlServer.Schema.Migration.Generator", "SqlServer.Schema.Migration.Generator\SqlServer.Schema.Migration.Generator.csproj", "{A1B2C3D4-E5F6-7890-ABCD-EF1234567890}"
EndProject
Project("{FAE04EC0-301F-11D3-BF4B-00C04F79EFBC}") = "SqlServer.Schema.Migration.Runner", "SqlServer.Schema.Migration.Runner\SqlServer.Schema.Migration.Runner.csproj", "{A1B2C3D4-E5F6-7890-ABCD-EF1234567891}"
EndProject
Project("{FAE04EC0-301F-11D3-BF4B-00C04F79EFBC}") = "SqlServer.Schema.FileSystem.Serializer.Dacpac.Core", "SqlServer.Schema.FileSystem.Serializer.Dacpac.Core\SqlServer.Schema.FileSystem.Serializer.Dacpac.Core.csproj", "{AB645F8F-0C31-4AFC-B399-20A0F0AD9C2F}"
EndProject
Project("{FAE04EC0-301F-11D3-BF4B-00C04F79EFBC}") = "SqlServer.Schema.FileSystem.Serializer.Dacpac.Runner", "SqlServer.Schema.FileSystem.Serializer.Dacpac.Runner\SqlServer.Schema.FileSystem.Serializer.Dacpac.Runner.csproj", "{D1E2F3A4-B5C6-8901-BCDE-FE2345678902}"
EndProject
Project("{FAE04EC0-301F-11D3-BF4B-00C04F79EFBC}") = "SqlServer.Schema.Migration.Generator.Tests", "SqlServer.Schema.Migration.Generator.Tests\SqlServer.Schema.Migration.Generator.Tests.csproj", "{334B8C0E-C703-4FE1-9947-99A5C0E99FD9}"
EndProject
Project("{FAE04EC0-301F-11D3-BF4B-00C04F79EFBC}") = "SqlServer.Schema.Exclusion.Manager", "SqlServer.Schema.Exclusion.Manager\SqlServer.Schema.Exclusion.Manager.csproj", "{2D468293-6703-4BF6-A995-AA75285F8263}"
EndProject
Project("{FAE04EC0-301F-11D3-BF4B-00C04F79EFBC}") = "SqlServer.Schema.Exclusion.Manager.Tests", "SqlServer.Schema.Exclusion.Manager.Tests\SqlServer.Schema.Exclusion.Manager.Tests.csproj", "{08AFCFC6-73A9-4512-8B4D-17B6BE4D88C6}"
EndProject
Project("{FAE04EC0-301F-11D3-BF4B-00C04F79EFBC}") = "SqlServer.Schema.Exclusion.Manager.Core", "SqlServer.Schema.Exclusion.Manager.Core\SqlServer.Schema.Exclusion.Manager.Core.csproj", "{AB177084-447A-4E6D-B0AA-F11608DC87BC}"
EndProject
Project("{FAE04EC0-301F-11D3-BF4B-00C04F79EFBC}") = "SqlServer.Schema.Common", "SqlServer.Schema.Common\SqlServer.Schema.Common.csproj", "{C3D4E5F6-7890-4321-ABCD-EF1234567893}"
EndProject
Global
	GlobalSection(SolutionConfigurationPlatforms) = preSolution
		Debug|Any CPU = Debug|Any CPU
		Debug|x64 = Debug|x64
		Debug|x86 = Debug|x86
		Release|Any CPU = Release|Any CPU
		Release|x64 = Release|x64
		Release|x86 = Release|x86
	EndGlobalSection
	GlobalSection(ProjectConfigurationPlatforms) = postSolution
		{A1B2C3D4-E5F6-7890-ABCD-EF1234567890}.Debug|Any CPU.ActiveCfg = Debug|Any CPU
		{A1B2C3D4-E5F6-7890-ABCD-EF1234567890}.Debug|Any CPU.Build.0 = Debug|Any CPU
		{A1B2C3D4-E5F6-7890-ABCD-EF1234567890}.Debug|x64.ActiveCfg = Debug|Any CPU
		{A1B2C3D4-E5F6-7890-ABCD-EF1234567890}.Debug|x64.Build.0 = Debug|Any CPU
		{A1B2C3D4-E5F6-7890-ABCD-EF1234567890}.Debug|x86.ActiveCfg = Debug|Any CPU
		{A1B2C3D4-E5F6-7890-ABCD-EF1234567890}.Debug|x86.Build.0 = Debug|Any CPU
		{A1B2C3D4-E5F6-7890-ABCD-EF1234567890}.Release|Any CPU.ActiveCfg = Release|Any CPU
		{A1B2C3D4-E5F6-7890-ABCD-EF1234567890}.Release|Any CPU.Build.0 = Release|Any CPU
		{A1B2C3D4-E5F6-7890-ABCD-EF1234567890}.Release|x64.ActiveCfg = Release|Any CPU
		{A1B2C3D4-E5F6-7890-ABCD-EF1234567890}.Release|x64.Build.0 = Release|Any CPU
		{A1B2C3D4-E5F6-7890-ABCD-EF1234567890}.Release|x86.ActiveCfg = Release|Any CPU
		{A1B2C3D4-E5F6-7890-ABCD-EF1234567890}.Release|x86.Build.0 = Release|Any CPU
		{A1B2C3D4-E5F6-7890-ABCD-EF1234567891}.Debug|Any CPU.ActiveCfg = Debug|Any CPU
		{A1B2C3D4-E5F6-7890-ABCD-EF1234567891}.Debug|Any CPU.Build.0 = Debug|Any CPU
		{A1B2C3D4-E5F6-7890-ABCD-EF1234567891}.Debug|x64.ActiveCfg = Debug|Any CPU
		{A1B2C3D4-E5F6-7890-ABCD-EF1234567891}.Debug|x64.Build.0 = Debug|Any CPU
		{A1B2C3D4-E5F6-7890-ABCD-EF1234567891}.Debug|x86.ActiveCfg = Debug|Any CPU
		{A1B2C3D4-E5F6-7890-ABCD-EF1234567891}.Debug|x86.Build.0 = Debug|Any CPU
		{A1B2C3D4-E5F6-7890-ABCD-EF1234567891}.Release|Any CPU.ActiveCfg = Release|Any CPU
		{A1B2C3D4-E5F6-7890-ABCD-EF1234567891}.Release|Any CPU.Build.0 = Release|Any CPU
		{A1B2C3D4-E5F6-7890-ABCD-EF1234567891}.Release|x64.ActiveCfg = Release|Any CPU
		{A1B2C3D4-E5F6-7890-ABCD-EF1234567891}.Release|x64.Build.0 = Release|Any CPU
		{A1B2C3D4-E5F6-7890-ABCD-EF1234567891}.Release|x86.ActiveCfg = Release|Any CPU
		{A1B2C3D4-E5F6-7890-ABCD-EF1234567891}.Release|x86.Build.0 = Release|Any CPU
		{AB645F8F-0C31-4AFC-B399-20A0F0AD9C2F}.Debug|Any CPU.ActiveCfg = Debug|Any CPU
		{AB645F8F-0C31-4AFC-B399-20A0F0AD9C2F}.Debug|Any CPU.Build.0 = Debug|Any CPU
		{AB645F8F-0C31-4AFC-B399-20A0F0AD9C2F}.Debug|x64.ActiveCfg = Debug|Any CPU
		{AB645F8F-0C31-4AFC-B399-20A0F0AD9C2F}.Debug|x64.Build.0 = Debug|Any CPU
		{AB645F8F-0C31-4AFC-B399-20A0F0AD9C2F}.Debug|x86.ActiveCfg = Debug|Any CPU
		{AB645F8F-0C31-4AFC-B399-20A0F0AD9C2F}.Debug|x86.Build.0 = Debug|Any CPU
		{AB645F8F-0C31-4AFC-B399-20A0F0AD9C2F}.Release|Any CPU.ActiveCfg = Release|Any CPU
		{AB645F8F-0C31-4AFC-B399-20A0F0AD9C2F}.Release|Any CPU.Build.0 = Release|Any CPU
		{AB645F8F-0C31-4AFC-B399-20A0F0AD9C2F}.Release|x64.ActiveCfg = Release|Any CPU
		{AB645F8F-0C31-4AFC-B399-20A0F0AD9C2F}.Release|x64.Build.0 = Release|Any CPU
		{AB645F8F-0C31-4AFC-B399-20A0F0AD9C2F}.Release|x86.ActiveCfg = Release|Any CPU
		{AB645F8F-0C31-4AFC-B399-20A0F0AD9C2F}.Release|x86.Build.0 = Release|Any CPU
		{D1E2F3A4-B5C6-8901-BCDE-FE2345678902}.Debug|Any CPU.ActiveCfg = Debug|Any CPU
		{D1E2F3A4-B5C6-8901-BCDE-FE2345678902}.Debug|Any CPU.Build.0 = Debug|Any CPU
		{D1E2F3A4-B5C6-8901-BCDE-FE2345678902}.Debug|x64.ActiveCfg = Debug|Any CPU
		{D1E2F3A4-B5C6-8901-BCDE-FE2345678902}.Debug|x64.Build.0 = Debug|Any CPU
		{D1E2F3A4-B5C6-8901-BCDE-FE2345678902}.Debug|x86.ActiveCfg = Debug|Any CPU
		{D1E2F3A4-B5C6-8901-BCDE-FE2345678902}.Debug|x86.Build.0 = Debug|Any CPU
		{D1E2F3A4-B5C6-8901-BCDE-FE2345678902}.Release|Any CPU.ActiveCfg = Release|Any CPU
		{D1E2F3A4-B5C6-8901-BCDE-FE2345678902}.Release|Any CPU.Build.0 = Release|Any CPU
		{D1E2F3A4-B5C6-8901-BCDE-FE2345678902}.Release|x64.ActiveCfg = Release|Any CPU
		{D1E2F3A4-B5C6-8901-BCDE-FE2345678902}.Release|x64.Build.0 = Release|Any CPU
		{D1E2F3A4-B5C6-8901-BCDE-FE2345678902}.Release|x86.ActiveCfg = Release|Any CPU
		{D1E2F3A4-B5C6-8901-BCDE-FE2345678902}.Release|x86.Build.0 = Release|Any CPU
		{334B8C0E-C703-4FE1-9947-99A5C0E99FD9}.Debug|Any CPU.ActiveCfg = Debug|Any CPU
		{334B8C0E-C703-4FE1-9947-99A5C0E99FD9}.Debug|Any CPU.Build.0 = Debug|Any CPU
		{334B8C0E-C703-4FE1-9947-99A5C0E99FD9}.Debug|x64.ActiveCfg = Debug|Any CPU
		{334B8C0E-C703-4FE1-9947-99A5C0E99FD9}.Debug|x64.Build.0 = Debug|Any CPU
		{334B8C0E-C703-4FE1-9947-99A5C0E99FD9}.Debug|x86.ActiveCfg = Debug|Any CPU
		{334B8C0E-C703-4FE1-9947-99A5C0E99FD9}.Debug|x86.Build.0 = Debug|Any CPU
		{334B8C0E-C703-4FE1-9947-99A5C0E99FD9}.Release|Any CPU.ActiveCfg = Release|Any CPU
		{334B8C0E-C703-4FE1-9947-99A5C0E99FD9}.Release|Any CPU.Build.0 = Release|Any CPU
		{334B8C0E-C703-4FE1-9947-99A5C0E99FD9}.Release|x64.ActiveCfg = Release|Any CPU
		{334B8C0E-C703-4FE1-9947-99A5C0E99FD9}.Release|x64.Build.0 = Release|Any CPU
		{334B8C0E-C703-4FE1-9947-99A5C0E99FD9}.Release|x86.ActiveCfg = Release|Any CPU
		{334B8C0E-C703-4FE1-9947-99A5C0E99FD9}.Release|x86.Build.0 = Release|Any CPU
		{2D468293-6703-4BF6-A995-AA75285F8263}.Debug|Any CPU.ActiveCfg = Debug|Any CPU
		{2D468293-6703-4BF6-A995-AA75285F8263}.Debug|Any CPU.Build.0 = Debug|Any CPU
		{2D468293-6703-4BF6-A995-AA75285F8263}.Debug|x64.ActiveCfg = Debug|Any CPU
		{2D468293-6703-4BF6-A995-AA75285F8263}.Debug|x64.Build.0 = Debug|Any CPU
		{2D468293-6703-4BF6-A995-AA75285F8263}.Debug|x86.ActiveCfg = Debug|Any CPU
		{2D468293-6703-4BF6-A995-AA75285F8263}.Debug|x86.Build.0 = Debug|Any CPU
		{2D468293-6703-4BF6-A995-AA75285F8263}.Release|Any CPU.ActiveCfg = Release|Any CPU
		{2D468293-6703-4BF6-A995-AA75285F8263}.Release|Any CPU.Build.0 = Release|Any CPU
		{2D468293-6703-4BF6-A995-AA75285F8263}.Release|x64.ActiveCfg = Release|Any CPU
		{2D468293-6703-4BF6-A995-AA75285F8263}.Release|x64.Build.0 = Release|Any CPU
		{2D468293-6703-4BF6-A995-AA75285F8263}.Release|x86.ActiveCfg = Release|Any CPU
		{2D468293-6703-4BF6-A995-AA75285F8263}.Release|x86.Build.0 = Release|Any CPU
		{08AFCFC6-73A9-4512-8B4D-17B6BE4D88C6}.Debug|Any CPU.ActiveCfg = Debug|Any CPU
		{08AFCFC6-73A9-4512-8B4D-17B6BE4D88C6}.Debug|Any CPU.Build.0 = Debug|Any CPU
		{08AFCFC6-73A9-4512-8B4D-17B6BE4D88C6}.Debug|x64.ActiveCfg = Debug|Any CPU
		{08AFCFC6-73A9-4512-8B4D-17B6BE4D88C6}.Debug|x64.Build.0 = Debug|Any CPU
		{08AFCFC6-73A9-4512-8B4D-17B6BE4D88C6}.Debug|x86.ActiveCfg = Debug|Any CPU
		{08AFCFC6-73A9-4512-8B4D-17B6BE4D88C6}.Debug|x86.Build.0 = Debug|Any CPU
		{08AFCFC6-73A9-4512-8B4D-17B6BE4D88C6}.Release|Any CPU.ActiveCfg = Release|Any CPU
		{08AFCFC6-73A9-4512-8B4D-17B6BE4D88C6}.Release|Any CPU.Build.0 = Release|Any CPU
		{08AFCFC6-73A9-4512-8B4D-17B6BE4D88C6}.Release|x64.ActiveCfg = Release|Any CPU
		{08AFCFC6-73A9-4512-8B4D-17B6BE4D88C6}.Release|x64.Build.0 = Release|Any CPU
		{08AFCFC6-73A9-4512-8B4D-17B6BE4D88C6}.Release|x86.ActiveCfg = Release|Any CPU
		{08AFCFC6-73A9-4512-8B4D-17B6BE4D88C6}.Release|x86.Build.0 = Release|Any CPU
		{AB177084-447A-4E6D-B0AA-F11608DC87BC}.Debug|Any CPU.ActiveCfg = Debug|Any CPU
		{AB177084-447A-4E6D-B0AA-F11608DC87BC}.Debug|Any CPU.Build.0 = Debug|Any CPU
		{AB177084-447A-4E6D-B0AA-F11608DC87BC}.Debug|x64.ActiveCfg = Debug|Any CPU
		{AB177084-447A-4E6D-B0AA-F11608DC87BC}.Debug|x64.Build.0 = Debug|Any CPU
		{AB177084-447A-4E6D-B0AA-F11608DC87BC}.Debug|x86.ActiveCfg = Debug|Any CPU
		{AB177084-447A-4E6D-B0AA-F11608DC87BC}.Debug|x86.Build.0 = Debug|Any CPU
		{AB177084-447A-4E6D-B0AA-F11608DC87BC}.Release|Any CPU.ActiveCfg = Release|Any CPU
		{AB177084-447A-4E6D-B0AA-F11608DC87BC}.Release|Any CPU.Build.0 = Release|Any CPU
		{AB177084-447A-4E6D-B0AA-F11608DC87BC}.Release|x64.ActiveCfg = Release|Any CPU
		{AB177084-447A-4E6D-B0AA-F11608DC87BC}.Release|x64.Build.0 = Release|Any CPU
		{AB177084-447A-4E6D-B0AA-F11608DC87BC}.Release|x86.ActiveCfg = Release|Any CPU
		{AB177084-447A-4E6D-B0AA-F11608DC87BC}.Release|x86.Build.0 = Release|Any CPU
		{C3D4E5F6-7890-4321-ABCD-EF1234567893}.Debug|Any CPU.ActiveCfg = Debug|Any CPU
		{C3D4E5F6-7890-4321-ABCD-EF1234567893}.Debug|Any CPU.Build.0 = Debug|Any CPU
		{C3D4E5F6-7890-4321-ABCD-EF1234567893}.Debug|x64.ActiveCfg = Debug|Any CPU
		{C3D4E5F6-7890-4321-ABCD-EF1234567893}.Debug|x64.Build.0 = Debug|Any CPU
		{C3D4E5F6-7890-4321-ABCD-EF1234567893}.Debug|x86.ActiveCfg = Debug|Any CPU
		{C3D4E5F6-7890-4321-ABCD-EF1234567893}.Debug|x86.Build.0 = Debug|Any CPU
		{C3D4E5F6-7890-4321-ABCD-EF1234567893}.Release|Any CPU.ActiveCfg = Release|Any CPU
		{C3D4E5F6-7890-4321-ABCD-EF1234567893}.Release|Any CPU.Build.0 = Release|Any CPU
		{C3D4E5F6-7890-4321-ABCD-EF1234567893}.Release|x64.ActiveCfg = Release|Any CPU
		{C3D4E5F6-7890-4321-ABCD-EF1234567893}.Release|x64.Build.0 = Release|Any CPU
		{C3D4E5F6-7890-4321-ABCD-EF1234567893}.Release|x86.ActiveCfg = Release|Any CPU
		{C3D4E5F6-7890-4321-ABCD-EF1234567893}.Release|x86.Build.0 = Release|Any CPU
	EndGlobalSection
	GlobalSection(SolutionProperties) = preSolution
		HideSolutionNode = FALSE
	EndGlobalSection
EndGlobal
